
Microsoft Visual Studio Solution File, Format Version 11.00
# Visual Studio 2010
Project("{FAE04EC0-301F-11D3-BF4B-00C04F79EFBC}") = "EmployeeLayer", "EmployeeLayer\EmployeeLayer.csproj", "{FD65F8F2-30B7-4D1A-86FC-97269E0F00A9}"
EndProject
Project("{FAE04EC0-301F-11D3-BF4B-00C04F79EFBC}") = "EMDAO", "EMDAO\EMDAO.csproj", "{83C49075-E0A0-4007-B77E-CBFA30AEA521}"
EndProject
Project("{FAE04EC0-301F-11D3-BF4B-00C04F79EFBC}") = "EMBUS", "EMBUS\EMBUS.csproj", "{14791327-65CB-4182-A985-ACD8A43B0EB0}"
EndProject
Project("{FAE04EC0-301F-11D3-BF4B-00C04F79EFBC}") = "EMDTO", "EMDTO\EMDTO.csproj", "{9CBE1B5A-33C8-4A75-80C7-1A88E0E59D40}"
EndProject
Global
	GlobalSection(SolutionConfigurationPlatforms) = preSolution
		Debug|Any CPU = Debug|Any CPU
		Debug|Mixed Platforms = Debug|Mixed Platforms
		Debug|x86 = Debug|x86
		Release|Any CPU = Release|Any CPU
		Release|Mixed Platforms = Release|Mixed Platforms
		Release|x86 = Release|x86
	EndGlobalSection
	GlobalSection(ProjectConfigurationPlatforms) = postSolution
		{FD65F8F2-30B7-4D1A-86FC-97269E0F00A9}.Debug|Any CPU.ActiveCfg = Debug|x86
		{FD65F8F2-30B7-4D1A-86FC-97269E0F00A9}.Debug|Mixed Platforms.ActiveCfg = Debug|x86
		{FD65F8F2-30B7-4D1A-86FC-97269E0F00A9}.Debug|Mixed Platforms.Build.0 = Debug|x86
		{FD65F8F2-30B7-4D1A-86FC-97269E0F00A9}.Debug|x86.ActiveCfg = Debug|x86
		{FD65F8F2-30B7-4D1A-86FC-97269E0F00A9}.Debug|x86.Build.0 = Debug|x86
		{FD65F8F2-30B7-4D1A-86FC-97269E0F00A9}.Release|Any CPU.ActiveCfg = Release|x86
		{FD65F8F2-30B7-4D1A-86FC-97269E0F00A9}.Release|Mixed Platforms.ActiveCfg = Release|x86
		{FD65F8F2-30B7-4D1A-86FC-97269E0F00A9}.Release|Mixed Platforms.Build.0 = Release|x86
		{FD65F8F2-30B7-4D1A-86FC-97269E0F00A9}.Release|x86.ActiveCfg = Release|x86
		{FD65F8F2-30B7-4D1A-86FC-97269E0F00A9}.Release|x86.Build.0 = Release|x86
		{83C49075-E0A0-4007-B77E-CBFA30AEA521}.Debug|Any CPU.ActiveCfg = Debug|Any CPU
		{83C49075-E0A0-4007-B77E-CBFA30AEA521}.Debug|Any CPU.Build.0 = Debug|Any CPU
		{83C49075-E0A0-4007-B77E-CBFA30AEA521}.Debug|Mixed Platforms.ActiveCfg = Debug|Any CPU
		{83C49075-E0A0-4007-B77E-CBFA30AEA521}.Debug|Mixed Platforms.Build.0 = Debug|Any CPU
		{83C49075-E0A0-4007-B77E-CBFA30AEA521}.Debug|x86.ActiveCfg = Debug|Any CPU
		{83C49075-E0A0-4007-B77E-CBFA30AEA521}.Release|Any CPU.ActiveCfg = Release|Any CPU
		{83C49075-E0A0-4007-B77E-CBFA30AEA521}.Release|Any CPU.Build.0 = Release|Any CPU
		{83C49075-E0A0-4007-B77E-CBFA30AEA521}.Release|Mixed Platforms.ActiveCfg = Release|Any CPU
		{83C49075-E0A0-4007-B77E-CBFA30AEA521}.Release|Mixed Platforms.Build.0 = Release|Any CPU
		{83C49075-E0A0-4007-B77E-CBFA30AEA521}.Release|x86.ActiveCfg = Release|Any CPU
		{14791327-65CB-4182-A985-ACD8A43B0EB0}.Debug|Any CPU.ActiveCfg = Debug|Any CPU
		{14791327-65CB-4182-A985-ACD8A43B0EB0}.Debug|Any CPU.Build.0 = Debug|Any CPU
		{14791327-65CB-4182-A985-ACD8A43B0EB0}.Debug|Mixed Platforms.ActiveCfg = Debug|Any CPU
		{14791327-65CB-4182-A985-ACD8A43B0EB0}.Debug|Mixed Platforms.Build.0 = Debug|Any CPU
		{14791327-65CB-4182-A985-ACD8A43B0EB0}.Debug|x86.ActiveCfg = Debug|Any CPU
		{14791327-65CB-4182-A985-ACD8A43B0EB0}.Release|Any CPU.ActiveCfg = Release|Any CPU
		{14791327-65CB-4182-A985-ACD8A43B0EB0}.Release|Any CPU.Build.0 = Release|Any CPU
		{14791327-65CB-4182-A985-ACD8A43B0EB0}.Release|Mixed Platforms.ActiveCfg = Release|Any CPU
		{14791327-65CB-4182-A985-ACD8A43B0EB0}.Release|Mixed Platforms.Build.0 = Release|Any CPU
		{14791327-65CB-4182-A985-ACD8A43B0EB0}.Release|x86.ActiveCfg = Release|Any CPU
		{9CBE1B5A-33C8-4A75-80C7-1A88E0E59D40}.Debug|Any CPU.ActiveCfg = Debug|Any CPU
		{9CBE1B5A-33C8-4A75-80C7-1A88E0E59D40}.Debug|Any CPU.Build.0 = Debug|Any CPU
		{9CBE1B5A-33C8-4A75-80C7-1A88E0E59D40}.Debug|Mixed Platforms.ActiveCfg = Debug|Any CPU
		{9CBE1B5A-33C8-4A75-80C7-1A88E0E59D40}.Debug|Mixed Platforms.Build.0 = Debug|Any CPU
		{9CBE1B5A-33C8-4A75-80C7-1A88E0E59D40}.Debug|x86.ActiveCfg = Debug|Any CPU
		{9CBE1B5A-33C8-4A75-80C7-1A88E0E59D40}.Release|Any CPU.ActiveCfg = Release|Any CPU
		{9CBE1B5A-33C8-4A75-80C7-1A88E0E59D40}.Release|Any CPU.Build.0 = Release|Any CPU
		{9CBE1B5A-33C8-4A75-80C7-1A88E0E59D40}.Release|Mixed Platforms.ActiveCfg = Release|Any CPU
		{9CBE1B5A-33C8-4A75-80C7-1A88E0E59D40}.Release|Mixed Platforms.Build.0 = Release|Any CPU
		{9CBE1B5A-33C8-4A75-80C7-1A88E0E59D40}.Release|x86.ActiveCfg = Release|Any CPU
	EndGlobalSection
	GlobalSection(SolutionProperties) = preSolution
		HideSolutionNode = FALSE
	EndGlobalSection
EndGlobal
